// !$*UTF8*$!
{
	archiveVersion = 1;
	classes = {
	};
	objectVersion = 46;
	objects = {

/* Begin PBXBuildFile section */
		F8877F951DF50FAC008AF751 /* main.m in Sources */ = {isa = PBXBuildFile; fileRef = F8877F941DF50FAC008AF751 /* main.m */; };
		F8877F981DF50FAC008AF751 /* AppDelegate.m in Sources */ = {isa = PBXBuildFile; fileRef = F8877F971DF50FAC008AF751 /* AppDelegate.m */; };
		F8877F9B1DF50FAC008AF751 /* ViewController.m in Sources */ = {isa = PBXBuildFile; fileRef = F8877F9A1DF50FAC008AF751 /* ViewController.m */; };
		F8877F9E1DF50FAC008AF751 /* Main.storyboard in Resources */ = {isa = PBXBuildFile; fileRef = F8877F9C1DF50FAC008AF751 /* Main.storyboard */; };
		F8877FA01DF50FAC008AF751 /* Assets.xcassets in Resources */ = {isa = PBXBuildFile; fileRef = F8877F9F1DF50FAC008AF751 /* Assets.xcassets */; };
		F8877FA31DF50FAC008AF751 /* LaunchScreen.storyboard in Resources */ = {isa = PBXBuildFile; fileRef = F8877FA11DF50FAC008AF751 /* LaunchScreen.storyboard */; };
/* End PBXBuildFile section */

/* Begin PBXFileReference section */
		F8877F901DF50FAC008AF751 /* MINAFrameworkOfTCP.app */ = {isa = PBXFileReference; explicitFileType = wrapper.application; includeInIndex = 0; path = MINAFrameworkOfTCP.app; sourceTree = BUILT_PRODUCTS_DIR; };
		F8877F941DF50FAC008AF751 /* main.m */ = {isa = PBXFileReference; lastKnownFileType = sourcecode.c.objc; path = main.m; sourceTree = "<group>"; };
		F8877F961DF50FAC008AF751 /* AppDelegate.h */ = {isa = PBXFileReference; lastKnownFileType = sourcecode.c.h; path = AppDelegate.h; sourceTree = "<group>"; };
		F8877F971DF50FAC008AF751 /* AppDelegate.m */ = {isa = PBXFileReference; lastKnownFileType = sourcecode.c.objc; path = AppDelegate.m; sourceTree = "<group>"; };
		F8877F991DF50FAC008AF751 /* ViewController.h */ = {isa = PBXFileReference; lastKnownFileType = sourcecode.c.h; path = ViewController.h; sourceTree = "<group>"; };
		F8877F9A1DF50FAC008AF751 /* ViewController.m */ = {isa = PBXFileReference; lastKnownFileType = sourcecode.c.objc; path = ViewController.m; sourceTree = "<group>"; };
		F8877F9D1DF50FAC008AF751 /* Base */ = {isa = PBXFileReference; lastKnownFileType = file.storyboard; name = Base; path = Base.lproj/Main.storyboard; sourceTree = "<group>"; };
		F8877F9F1DF50FAC008AF751 /* Assets.xcassets */ = {isa = PBXFileReference; lastKnownFileType = folder.assetcatalog; path = Assets.xcassets; sourceTree = "<group>"; };
		F8877FA21DF50FAC008AF751 /* Base */ = {isa = PBXFileReference; lastKnownFileType = file.storyboard; name = Base; path = Base.lproj/LaunchScreen.storyboard; sourceTree = "<group>"; };
		F8877FA41DF50FAC008AF751 /* Info.plist */ = {isa = PBXFileReference; lastKnownFileType = text.plist.xml; path = Info.plist; sourceTree = "<group>"; };
/* End PBXFileReference section */

/* Begin PBXFrameworksBuildPhase section */
		F8877F8D1DF50FAC008AF751 /* Frameworks */ = {
			isa = PBXFrameworksBuildPhase;
			buildActionMask = 2147483647;
			files = (
			);
			runOnlyForDeploymentPostprocessing = 0;
		};
/* End PBXFrameworksBuildPhase section */

/* Begin PBXGroup section */
		F8877F871DF50FAC008AF751 = {
			isa = PBXGroup;
			children = (
				F8877F921DF50FAC008AF751 /* MINAFrameworkOfTCP */,
				F8877F911DF50FAC008AF751 /* Products */,
			);
			sourceTree = "<group>";
		};
		F8877F911DF50FAC008AF751 /* Products */ = {
			isa = PBXGroup;
			children = (
				F8877F901DF50FAC008AF751 /* MINAFrameworkOfTCP.app */,
			);
			name = Products;
			sourceTree = "<group>";
		};
		F8877F921DF50FAC008AF751 /* MINAFrameworkOfTCP */ = {
			isa = PBXGroup;
			children = (
				F8877F961DF50FAC008AF751 /* AppDelegate.h */,
				F8877F971DF50FAC008AF751 /* AppDelegate.m */,
				F8877F991DF50FAC008AF751 /* ViewController.h */,
				F8877F9A1DF50FAC008AF751 /* ViewController.m */,
				F8877F9C1DF50FAC008AF751 /* Main.storyboard */,
				F8877F9F1DF50FAC008AF751 /* Assets.xcassets */,
				F8877FA11DF50FAC008AF751 /* LaunchScreen.storyboard */,
				F8877FA41DF50FAC008AF751 /* Info.plist */,
				F8877F931DF50FAC008AF751 /* Supporting Files */,
			);
			path = MINAFrameworkOfTCP;
			sourceTree = "<group>";
		};
		F8877F931DF50FAC008AF751 /* Supporting Files */ = {
			isa = PBXGroup;
			children = (
				F8877F941DF50FAC008AF751 /* main.m */,
			);
			name = "Supporting Files";
			sourceTree = "<group>";
		};
/* End PBXGroup section */

/* Begin PBXNativeTarget section */
		F8877F8F1DF50FAC008AF751 /* MINAFrameworkOfTCP */ = {
			isa = PBXNativeTarget;
			buildConfigurationList = F8877FA71DF50FAC008AF751 /* Build configuration list for PBXNativeTarget "MINAFrameworkOfTCP" */;
			buildPhases = (
				F8877F8C1DF50FAC008AF751 /* Sources */,
				F8877F8D1DF50FAC008AF751 /* Frameworks */,
				F8877F8E1DF50FAC008AF751 /* Resources */,
			);
			buildRules = (
			);
			dependencies = (
			);
			name = MINAFrameworkOfTCP;
			productName = MINAFrameworkOfTCP;
			productReference = F8877F901DF50FAC008AF751 /* MINAFrameworkOfTCP.app */;
			productType = "com.apple.product-type.application";
		};
/* End PBXNativeTarget section */

/* Begin PBXProject section */
		F8877F881DF50FAC008AF751 /* Project object */ = {
			isa = PBXProject;
			attributes = {
				LastUpgradeCheck = 0810;
				ORGANIZATIONNAME = lccx;
				TargetAttributes = {
					F8877F8F1DF50FAC008AF751 = {
						CreatedOnToolsVersion = 8.1;
						DevelopmentTeam = FX3328E4WG;
						ProvisioningStyle = Automatic;
					};
				};
			};
			buildConfigurationList = F8877F8B1DF50FAC008AF751 /* Build configuration list for PBXProject "MINAFrameworkOfTCP" */;
			compatibilityVersion = "Xcode 3.2";
			developmentRegion = English;
			hasScannedForEncodings = 0;
			knownRegions = (
				en,
				Base,
			);
			mainGroup = F8877F871DF50FAC008AF751;
			productRefGroup = F8877F911DF50FAC008AF751 /* Products */;
			projectDirPath = "";
			projectRoot = "";
			targets = (
				F8877F8F1DF50FAC008AF751 /* MINAFrameworkOfTCP */,
			);
		};
/* End PBXProject section */

/* Begin PBXResourcesBuildPhase section */
		F8877F8E1DF50FAC008AF751 /* Resources */ = {
			isa = PBXResourcesBuildPhase;
			buildActionMask = 2147483647;
			files = (
				F8877FA31DF50FAC008AF751 /* LaunchScreen.storyboard in Resources */,
				F8877FA01DF50FAC008AF751 /* Assets.xcassets in Resources */,
				F8877F9E1DF50FAC008AF751 /* Main.storyboard in Resources */,
			);
			runOnlyForDeploymentPostprocessing = 0;
		};
/* End PBXResourcesBuildPhase section */

/* Begin PBXSourcesBuildPhase section */
		F8877F8C1DF50FAC008AF751 /* Sources */ = {
			isa = PBXSourcesBuildPhase;
			buildActionMask = 2147483647;
			files = (
				F8877F9B1DF50FAC008AF751 /* ViewController.m in Sources */,
				F8877F981DF50FAC008AF751 /* AppDelegate.m in Sources */,
				F8877F951DF50FAC008AF751 /* main.m in Sources */,
			);
			runOnlyForDeploymentPostprocessing = 0;
		};
/* End PBXSourcesBuildPhase section */

/* Begin PBXVariantGroup section */
		F8877F9C1DF50FAC008AF751 /* Main.storyboard */ = {
			isa = PBXVariantGroup;
			children = (
				F8877F9D1DF50FAC008AF751 /* Base */,
			);
			name = Main.storyboard;
			sourceTree = "<group>";
		};
		F8877FA11DF50FAC008AF751 /* LaunchScreen.storyboard */ = {
			isa = PBXVariantGroup;
			children = (
				F8877FA21DF50FAC008AF751 /* Base */,
			);
			name = LaunchScreen.storyboard;
			sourceTree = "<group>";
		};
/* End PBXVariantGroup section */

/* Begin XCBuildConfiguration section */
		F8877FA51DF50FAC008AF751 /* Debug */ = {
			isa = XCBuildConfiguration;
			buildSettings = {
				ALWAYS_SEARCH_USER_PATHS = NO;
				CLANG_ANALYZER_NONNULL = YES;
				CLANG_CXX_LANGUAGE_STANDARD = "gnu++0x";
				CLANG_CXX_LIBRARY = "libc++";
				CLANG_ENABLE_MODULES = YES;
				CLANG_ENABLE_OBJC_ARC = YES;
				CLANG_WARN_BOOL_CONVERSION = YES;
				CLANG_WARN_CONSTANT_CONVERSION = YES;
				CLANG_WARN_DIRECT_OBJC_ISA_USAGE = YES_ERROR;
				CLANG_WARN_DOCUMENTATION_COMMENTS = YES;
				CLANG_WARN_EMPTY_BODY = YES;
				CLANG_WARN_ENUM_CONVERSION = YES;
				CLANG_WARN_INFINITE_RECURSION = YES;
				CLANG_WARN_INT_CONVERSION = YES;
				CLANG_WARN_OBJC_ROOT_CLASS = YES_ERROR;
				CLANG_WARN_SUSPICIOUS_MOVES = YES;
				CLANG_WARN_UNREACHABLE_CODE = YES;
				CLANG_WARN__DUPLICATE_METHOD_MATCH = YES;
				"CODE_SIGN_IDENTITY[sdk=iphoneos*]" = "iPhone Developer";
				COPY_PHASE_STRIP = NO;
				DEBUG_INFORMATION_FORMAT = dwarf;
				ENABLE_STRICT_OBJC_MSGSEND = YES;
				ENABLE_TESTABILITY = YES;
				GCC_C_LANGUAGE_STANDARD = gnu99;
				GCC_DYNAMIC_NO_PIC = NO;
				GCC_NO_COMMON_BLOCKS = YES;
				GCC_OPTIMIZATION_LEVEL = 0;
				GCC_PREPROCESSOR_DEFINITIONS = (
					"DEBUG=1",
					"$(inherited)",
				);
				GCC_WARN_64_TO_32_BIT_CONVERSION = YES;
				GCC_WARN_ABOUT_RETURN_TYPE = YES_ERROR;
				GCC_WARN_UNDECLARED_SELECTOR = YES;
				GCC_WARN_UNINITIALIZED_AUTOS = YES_AGGRESSIVE;
				GCC_WARN_UNUSED_FUNCTION = YES;
				GCC_WARN_UNUSED_VARIABLE = YES;
				IPHONEOS_DEPLOYMENT_TARGET = 10.1;
				MTL_ENABLE_DEBUG_INFO = YES;
				ONLY_ACTIVE_ARCH = YES;
				SDKROOT = iphoneos;
			};
			name = Debug;
		};
		F8877FA61DF50FAC008AF751 /* Release */ = {
			isa = XCBuildConfiguration;
			buildSettings = {
				ALWAYS_SEARCH_USER_PATHS = NO;
				CLANG_ANALYZER_NONNULL = YES;
				CLANG_CXX_LANGUAGE_STANDARD = "gnu++0x";
				CLANG_CXX_LIBRARY = "libc++";
				CLANG_ENABLE_MODULES = YES;
				CLANG_ENABLE_OBJC_ARC = YES;
				CLANG_WARN_BOOL_CONVERSION = YES;
				CLANG_WARN_CONSTANT_CONVERSION = YES;
				CLANG_WARN_DIRECT_OBJC_ISA_USAGE = YES_ERROR;
				CLANG_WARN_DOCUMENTATION_COMMENTS = YES;
				CLANG_WARN_EMPTY_BODY = YES;
				CLANG_WARN_ENUM_CONVERSION = YES;
				CLANG_WARN_INFINITE_RECURSION = YES;
				CLANG_WARN_INT_CONVERSION = YES;
				CLANG_WARN_OBJC_ROOT_CLASS = YES_ERROR;
				CLANG_WARN_SUSPICIOUS_MOVES = YES;
				CLANG_WARN_UNREACHABLE_CODE = YES;
				CLANG_WARN__DUPLICATE_METHOD_MATCH = YES;
				"CODE_SIGN_IDENTITY[sdk=iphoneos*]" = "iPhone Developer";
				COPY_PHASE_STRIP = NO;
				DEBUG_INFORMATION_FORMAT = "dwarf-with-dsym";
				ENABLE_NS_ASSERTIONS = NO;
				ENABLE_STRICT_OBJC_MSGSEND = YES;
				GCC_C_LANGUAGE_STANDARD = gnu99;
				GCC_NO_COMMON_BLOCKS = YES;
				GCC_WARN_64_TO_32_BIT_CONVERSION = YES;
				GCC_WARN_ABOUT_RETURN_TYPE = YES_ERROR;
				GCC_WARN_UNDECLARED_SELECTOR = YES;
				GCC_WARN_UNINITIALIZED_AUTOS = YES_AGGRESSIVE;
				GCC_WARN_UNUSED_FUNCTION = YES;
				GCC_WARN_UNUSED_VARIABLE = YES;
				IPHONEOS_DEPLOYMENT_TARGET = 10.1;
				MTL_ENABLE_DEBUG_INFO = NO;
				SDKROOT = iphoneos;
				VALIDATE_PRODUCT = YES;
			};
			name = Release;
		};
		F8877FA81DF50FAC008AF751 /* Debug */ = {
			isa = XCBuildConfiguration;
			buildSettings = {
				ASSETCATALOG_COMPILER_APPICON_NAME = AppIcon;
				DEVELOPMENT_TEAM = FX3328E4WG;
				INFOPLIST_FILE = MINAFrameworkOfTCP/Info.plist;
				LD_RUNPATH_SEARCH_PATHS = "$(inherited) @executable_path/Frameworks";
				PRODUCT_BUNDLE_IDENTIFIER = com.von.MINAFrameworkOfTCP;
				PRODUCT_NAME = "$(TARGET_NAME)";
			};
			name = Debug;
		};
		F8877FA91DF50FAC008AF751 /* Release */ = {
			isa = XCBuildConfiguration;
			buildSettings = {
				ASSETCATALOG_COMPILER_APPICON_NAME = AppIcon;
				DEVELOPMENT_TEAM = FX3328E4WG;
				INFOPLIST_FILE = MINAFrameworkOfTCP/Info.plist;
				LD_RUNPATH_SEARCH_PATHS = "$(inherited) @executable_path/Frameworks";
				PRODUCT_BUNDLE_IDENTIFIER = com.von.MINAFrameworkOfTCP;
				PRODUCT_NAME = "$(TARGET_NAME)";
			};
			name = Release;
		};
/* End XCBuildConfiguration section */

/* Begin XCConfigurationList section */
		F8877F8B1DF50FAC008AF751 /* Build configuration list for PBXProject "MINAFrameworkOfTCP" */ = {
			isa = XCConfigurationList;
			buildConfigurations = (
				F8877FA51DF50FAC008AF751 /* Debug */,
				F8877FA61DF50FAC008AF751 /* Release */,
			);
			defaultConfigurationIsVisible = 0;
			defaultConfigurationName = Release;
		};
		F8877FA71DF50FAC008AF751 /* Build configuration list for PBXNativeTarget "MINAFrameworkOfTCP" */ = {
			isa = XCConfigurationList;
			buildConfigurations = (
				F8877FA81DF50FAC008AF751 /* Debug */,
				F8877FA91DF50FAC008AF751 /* Release */,
			);
			defaultConfigurationIsVisible = 0;
		};
/* End XCConfigurationList section */
	};
	rootObject = F8877F881DF50FAC008AF751 /* Project object */;
}
